
Microsoft Visual Studio Solution File, Format Version 12.00
# Visual Studio Version 17
VisualStudioVersion = 17.11.35431.28
MinimumVisualStudioVersion = 10.0.40219.1
Project("{FAE04EC0-301F-11D3-BF4B-00C04F79EFBC}") = "Hello Program", "Hello Program\Hello Program.csproj", "{9B0FA8D3-800B-4457-B1E6-BF912279D94E}"
EndProject
Global
	GlobalSection(SolutionConfigurationPlatforms) = preSolution
		Debug|Any CPU = Debug|Any CPU
		Release|Any CPU = Release|Any CPU
	EndGlobalSection
	GlobalSection(ProjectConfigurationPlatforms) = postSolution
		{9B0FA8D3-800B-4457-B1E6-BF912279D94E}.Debug|Any CPU.ActiveCfg = Debug|Any CPU
		{9B0FA8D3-800B-4457-B1E6-BF912279D94E}.Debug|Any CPU.Build.0 = Debug|Any CPU
		{9B0FA8D3-800B-4457-B1E6-BF912279D94E}.Release|Any CPU.ActiveCfg = Release|Any CPU
		{9B0FA8D3-800B-4457-B1E6-BF912279D94E}.Release|Any CPU.Build.0 = Release|Any CPU
	EndGlobalSection
	GlobalSection(SolutionProperties) = preSolution
		HideSolutionNode = FALSE
	EndGlobalSection
	GlobalSection(ExtensibilityGlobals) = postSolution
		SolutionGuid = {CDF3AF50-94C8-434D-9F37-1B29A5E3CA90}
	EndGlobalSection
EndGlobal
